// !$*UTF8*$!
{
	archiveVersion = 1;
	classes = {
	};
	objectVersion = 55;
	objects = {

/* Begin PBXBuildFile section */
		C10F8CE1287F56EC002026FF /* The_PaperApp.swift in Sources */ = {isa = PBXBuildFile; fileRef = C10F8CE0287F56EC002026FF /* The_PaperApp.swift */; };
		C10F8CE3287F56EC002026FF /* ContentView.swift in Sources */ = {isa = PBXBuildFile; fileRef = C10F8CE2287F56EC002026FF /* ContentView.swift */; };
		C10F8CE5287F56EF002026FF /* Assets.xcassets in Resources */ = {isa = PBXBuildFile; fileRef = C10F8CE4287F56EF002026FF /* Assets.xcassets */; };
		C10F8CE8287F56EF002026FF /* Preview Assets.xcassets in Resources */ = {isa = PBXBuildFile; fileRef = C10F8CE7287F56EF002026FF /* Preview Assets.xcassets */; };
		C10F8CF2287F56EF002026FF /* The_PaperTests.swift in Sources */ = {isa = PBXBuildFile; fileRef = C10F8CF1287F56EF002026FF /* The_PaperTests.swift */; };
		C10F8CFC287F56EF002026FF /* The_PaperUITests.swift in Sources */ = {isa = PBXBuildFile; fileRef = C10F8CFB287F56EF002026FF /* The_PaperUITests.swift */; };
		C10F8CFE287F56EF002026FF /* The_PaperUITestsLaunchTests.swift in Sources */ = {isa = PBXBuildFile; fileRef = C10F8CFD287F56EF002026FF /* The_PaperUITestsLaunchTests.swift */; };
/* End PBXBuildFile section */

/* Begin PBXContainerItemProxy section */
		C10F8CEE287F56EF002026FF /* PBXContainerItemProxy */ = {
			isa = PBXContainerItemProxy;
			containerPortal = C10F8CD5287F56EC002026FF /* Project object */;
			proxyType = 1;
			remoteGlobalIDString = C10F8CDC287F56EC002026FF;
			remoteInfo = "The Paper";
		};
		C10F8CF8287F56EF002026FF /* PBXContainerItemProxy */ = {
			isa = PBXContainerItemProxy;
			containerPortal = C10F8CD5287F56EC002026FF /* Project object */;
			proxyType = 1;
			remoteGlobalIDString = C10F8CDC287F56EC002026FF;
			remoteInfo = "The Paper";
		};
/* End PBXContainerItemProxy section */

/* Begin PBXFileReference section */
		C10F8CDD287F56EC002026FF /* The Paper.app */ = {isa = PBXFileReference; explicitFileType = wrapper.application; includeInIndex = 0; path = "The Paper.app"; sourceTree = BUILT_PRODUCTS_DIR; };
		C10F8CE0287F56EC002026FF /* The_PaperApp.swift */ = {isa = PBXFileReference; lastKnownFileType = sourcecode.swift; path = The_PaperApp.swift; sourceTree = "<group>"; };
		C10F8CE2287F56EC002026FF /* ContentView.swift */ = {isa = PBXFileReference; lastKnownFileType = sourcecode.swift; path = ContentView.swift; sourceTree = "<group>"; };
		C10F8CE4287F56EF002026FF /* Assets.xcassets */ = {isa = PBXFileReference; lastKnownFileType = folder.assetcatalog; path = Assets.xcassets; sourceTree = "<group>"; };
		C10F8CE7287F56EF002026FF /* Preview Assets.xcassets */ = {isa = PBXFileReference; lastKnownFileType = folder.assetcatalog; path = "Preview Assets.xcassets"; sourceTree = "<group>"; };
		C10F8CED287F56EF002026FF /* The PaperTests.xctest */ = {isa = PBXFileReference; explicitFileType = wrapper.cfbundle; includeInIndex = 0; path = "The PaperTests.xctest"; sourceTree = BUILT_PRODUCTS_DIR; };
		C10F8CF1287F56EF002026FF /* The_PaperTests.swift */ = {isa = PBXFileReference; lastKnownFileType = sourcecode.swift; path = The_PaperTests.swift; sourceTree = "<group>"; };
		C10F8CF7287F56EF002026FF /* The PaperUITests.xctest */ = {isa = PBXFileReference; explicitFileType = wrapper.cfbundle; includeInIndex = 0; path = "The PaperUITests.xctest"; sourceTree = BUILT_PRODUCTS_DIR; };
		C10F8CFB287F56EF002026FF /* The_PaperUITests.swift */ = {isa = PBXFileReference; lastKnownFileType = sourcecode.swift; path = The_PaperUITests.swift; sourceTree = "<group>"; };
		C10F8CFD287F56EF002026FF /* The_PaperUITestsLaunchTests.swift */ = {isa = PBXFileReference; lastKnownFileType = sourcecode.swift; path = The_PaperUITestsLaunchTests.swift; sourceTree = "<group>"; };
/* End PBXFileReference section */

/* Begin PBXFrameworksBuildPhase section */
		C10F8CDA287F56EC002026FF /* Frameworks */ = {
			isa = PBXFrameworksBuildPhase;
			buildActionMask = 2147483647;
			files = (
			);
			runOnlyForDeploymentPostprocessing = 0;
		};
		C10F8CEA287F56EF002026FF /* Frameworks */ = {
			isa = PBXFrameworksBuildPhase;
			buildActionMask = 2147483647;
			files = (
			);
			runOnlyForDeploymentPostprocessing = 0;
		};
		C10F8CF4287F56EF002026FF /* Frameworks */ = {
			isa = PBXFrameworksBuildPhase;
			buildActionMask = 2147483647;
			files = (
			);
			runOnlyForDeploymentPostprocessing = 0;
		};
/* End PBXFrameworksBuildPhase section */

/* Begin PBXGroup section */
		C10F8CD4287F56EC002026FF = {
			isa = PBXGroup;
			children = (
				C10F8CDF287F56EC002026FF /* The Paper */,
				C10F8CF0287F56EF002026FF /* The PaperTests */,
				C10F8CFA287F56EF002026FF /* The PaperUITests */,
				C10F8CDE287F56EC002026FF /* Products */,
			);
			sourceTree = "<group>";
		};
		C10F8CDE287F56EC002026FF /* Products */ = {
			isa = PBXGroup;
			children = (
				C10F8CDD287F56EC002026FF /* The Paper.app */,
				C10F8CED287F56EF002026FF /* The PaperTests.xctest */,
				C10F8CF7287F56EF002026FF /* The PaperUITests.xctest */,
			);
			name = Products;
			sourceTree = "<group>";
		};
		C10F8CDF287F56EC002026FF /* The Paper */ = {
			isa = PBXGroup;
			children = (
				C10F8CE0287F56EC002026FF /* The_PaperApp.swift */,
				C10F8CE2287F56EC002026FF /* ContentView.swift */,
				C10F8CE4287F56EF002026FF /* Assets.xcassets */,
				C10F8CE6287F56EF002026FF /* Preview Content */,
			);
			path = "The Paper";
			sourceTree = "<group>";
		};
		C10F8CE6287F56EF002026FF /* Preview Content */ = {
			isa = PBXGroup;
			children = (
				C10F8CE7287F56EF002026FF /* Preview Assets.xcassets */,
			);
			path = "Preview Content";
			sourceTree = "<group>";
		};
		C10F8CF0287F56EF002026FF /* The PaperTests */ = {
			isa = PBXGroup;
			children = (
				C10F8CF1287F56EF002026FF /* The_PaperTests.swift */,
			);
			path = "The PaperTests";
			sourceTree = "<group>";
		};
		C10F8CFA287F56EF002026FF /* The PaperUITests */ = {
			isa = PBXGroup;
			children = (
				C10F8CFB287F56EF002026FF /* The_PaperUITests.swift */,
				C10F8CFD287F56EF002026FF /* The_PaperUITestsLaunchTests.swift */,
			);
			path = "The PaperUITests";
			sourceTree = "<group>";
		};
/* End PBXGroup section */

/* Begin PBXNativeTarget section */
		C10F8CDC287F56EC002026FF /* The Paper */ = {
			isa = PBXNativeTarget;
			buildConfigurationList = C10F8D01287F56EF002026FF /* Build configuration list for PBXNativeTarget "The Paper" */;
			buildPhases = (
				C10F8CD9287F56EC002026FF /* Sources */,
				C10F8CDA287F56EC002026FF /* Frameworks */,
				C10F8CDB287F56EC002026FF /* Resources */,
			);
			buildRules = (
			);
			dependencies = (
			);
			name = "The Paper";
			productName = "The Paper";
			productReference = C10F8CDD287F56EC002026FF /* The Paper.app */;
			productType = "com.apple.product-type.application";
		};
		C10F8CEC287F56EF002026FF /* The PaperTests */ = {
			isa = PBXNativeTarget;
			buildConfigurationList = C10F8D04287F56EF002026FF /* Build configuration list for PBXNativeTarget "The PaperTests" */;
			buildPhases = (
				C10F8CE9287F56EF002026FF /* Sources */,
				C10F8CEA287F56EF002026FF /* Frameworks */,
				C10F8CEB287F56EF002026FF /* Resources */,
			);
			buildRules = (
			);
			dependencies = (
				C10F8CEF287F56EF002026FF /* PBXTargetDependency */,
			);
			name = "The PaperTests";
			productName = "The PaperTests";
			productReference = C10F8CED287F56EF002026FF /* The PaperTests.xctest */;
			productType = "com.apple.product-type.bundle.unit-test";
		};
		C10F8CF6287F56EF002026FF /* The PaperUITests */ = {
			isa = PBXNativeTarget;
			buildConfigurationList = C10F8D07287F56EF002026FF /* Build configuration list for PBXNativeTarget "The PaperUITests" */;
			buildPhases = (
				C10F8CF3287F56EF002026FF /* Sources */,
				C10F8CF4287F56EF002026FF /* Frameworks */,
				C10F8CF5287F56EF002026FF /* Resources */,
			);
			buildRules = (
			);
			dependencies = (
				C10F8CF9287F56EF002026FF /* PBXTargetDependency */,
			);
			name = "The PaperUITests";
			productName = "The PaperUITests";
			productReference = C10F8CF7287F56EF002026FF /* The PaperUITests.xctest */;
			productType = "com.apple.product-type.bundle.ui-testing";
		};
/* End PBXNativeTarget section */

/* Begin PBXProject section */
		C10F8CD5287F56EC002026FF /* Project object */ = {
			isa = PBXProject;
			attributes = {
				BuildIndependentTargetsInParallel = 1;
				LastSwiftUpdateCheck = 1340;
				LastUpgradeCheck = 1340;
				TargetAttributes = {
					C10F8CDC287F56EC002026FF = {
						CreatedOnToolsVersion = 13.4.1;
					};
					C10F8CEC287F56EF002026FF = {
						CreatedOnToolsVersion = 13.4.1;
						TestTargetID = C10F8CDC287F56EC002026FF;
					};
					C10F8CF6287F56EF002026FF = {
						CreatedOnToolsVersion = 13.4.1;
						TestTargetID = C10F8CDC287F56EC002026FF;
					};
				};
			};
			buildConfigurationList = C10F8CD8287F56EC002026FF /* Build configuration list for PBXProject "The Paper" */;
			compatibilityVersion = "Xcode 13.0";
			developmentRegion = en;
			hasScannedForEncodings = 0;
			knownRegions = (
				en,
				Base,
			);
			mainGroup = C10F8CD4287F56EC002026FF;
			productRefGroup = C10F8CDE287F56EC002026FF /* Products */;
			projectDirPath = "";
			projectRoot = "";
			targets = (
				C10F8CDC287F56EC002026FF /* The Paper */,
				C10F8CEC287F56EF002026FF /* The PaperTests */,
				C10F8CF6287F56EF002026FF /* The PaperUITests */,
			);
		};
/* End PBXProject section */

/* Begin PBXResourcesBuildPhase section */
		C10F8CDB287F56EC002026FF /* Resources */ = {
			isa = PBXResourcesBuildPhase;
			buildActionMask = 2147483647;
			files = (
				C10F8CE8287F56EF002026FF /* Preview Assets.xcassets in Resources */,
				C10F8CE5287F56EF002026FF /* Assets.xcassets in Resources */,
			);
			runOnlyForDeploymentPostprocessing = 0;
		};
		C10F8CEB287F56EF002026FF /* Resources */ = {
			isa = PBXResourcesBuildPhase;
			buildActionMask = 2147483647;
			files = (
			);
			runOnlyForDeploymentPostprocessing = 0;
		};
		C10F8CF5287F56EF002026FF /* Resources */ = {
			isa = PBXResourcesBuildPhase;
			buildActionMask = 2147483647;
			files = (
			);
			runOnlyForDeploymentPostprocessing = 0;
		};
/* End PBXResourcesBuildPhase section */

/* Begin PBXSourcesBuildPhase section */
		C10F8CD9287F56EC002026FF /* Sources */ = {
			isa = PBXSourcesBuildPhase;
			buildActionMask = 2147483647;
			files = (
				C10F8CE3287F56EC002026FF /* ContentView.swift in Sources */,
				C10F8CE1287F56EC002026FF /* The_PaperApp.swift in Sources */,
			);
			runOnlyForDeploymentPostprocessing = 0;
		};
		C10F8CE9287F56EF002026FF /* Sources */ = {
			isa = PBXSourcesBuildPhase;
			buildActionMask = 2147483647;
			files = (
				C10F8CF2287F56EF002026FF /* The_PaperTests.swift in Sources */,
			);
			runOnlyForDeploymentPostprocessing = 0;
		};
		C10F8CF3287F56EF002026FF /* Sources */ = {
			isa = PBXSourcesBuildPhase;
			buildActionMask = 2147483647;
			files = (
				C10F8CFC287F56EF002026FF /* The_PaperUITests.swift in Sources */,
				C10F8CFE287F56EF002026FF /* The_PaperUITestsLaunchTests.swift in Sources */,
			);
			runOnlyForDeploymentPostprocessing = 0;
		};
/* End PBXSourcesBuildPhase section */

/* Begin PBXTargetDependency section */
		C10F8CEF287F56EF002026FF /* PBXTargetDependency */ = {
			isa = PBXTargetDependency;
			target = C10F8CDC287F56EC002026FF /* The Paper */;
			targetProxy = C10F8CEE287F56EF002026FF /* PBXContainerItemProxy */;
		};
		C10F8CF9287F56EF002026FF /* PBXTargetDependency */ = {
			isa = PBXTargetDependency;
			target = C10F8CDC287F56EC002026FF /* The Paper */;
			targetProxy = C10F8CF8287F56EF002026FF /* PBXContainerItemProxy */;
		};
/* End PBXTargetDependency section */

/* Begin XCBuildConfiguration section */
		C10F8CFF287F56EF002026FF /* Debug */ = {
			isa = XCBuildConfiguration;
			buildSettings = {
				ALWAYS_SEARCH_USER_PATHS = NO;
				CLANG_ANALYZER_NONNULL = YES;
				CLANG_ANALYZER_NUMBER_OBJECT_CONVERSION = YES_AGGRESSIVE;
				CLANG_CXX_LANGUAGE_STANDARD = "gnu++17";
				CLANG_ENABLE_MODULES = YES;
				CLANG_ENABLE_OBJC_ARC = YES;
				CLANG_ENABLE_OBJC_WEAK = YES;
				CLANG_WARN_BLOCK_CAPTURE_AUTORELEASING = YES;
				CLANG_WARN_BOOL_CONVERSION = YES;
				CLANG_WARN_COMMA = YES;
				CLANG_WARN_CONSTANT_CONVERSION = YES;
				CLANG_WARN_DEPRECATED_OBJC_IMPLEMENTATIONS = YES;
				CLANG_WARN_DIRECT_OBJC_ISA_USAGE = YES_ERROR;
				CLANG_WARN_DOCUMENTATION_COMMENTS = YES;
				CLANG_WARN_EMPTY_BODY = YES;
				CLANG_WARN_ENUM_CONVERSION = YES;
				CLANG_WARN_INFINITE_RECURSION = YES;
				CLANG_WARN_INT_CONVERSION = YES;
				CLANG_WARN_NON_LITERAL_NULL_CONVERSION = YES;
				CLANG_WARN_OBJC_IMPLICIT_RETAIN_SELF = YES;
				CLANG_WARN_OBJC_LITERAL_CONVERSION = YES;
				CLANG_WARN_OBJC_ROOT_CLASS = YES_ERROR;
				CLANG_WARN_QUOTED_INCLUDE_IN_FRAMEWORK_HEADER = YES;
				CLANG_WARN_RANGE_LOOP_ANALYSIS = YES;
				CLANG_WARN_STRICT_PROTOTYPES = YES;
				CLANG_WARN_SUSPICIOUS_MOVE = YES;
				CLANG_WARN_UNGUARDED_AVAILABILITY = YES_AGGRESSIVE;
				CLANG_WARN_UNREACHABLE_CODE = YES;
				CLANG_WARN__DUPLICATE_METHOD_MATCH = YES;
				COPY_PHASE_STRIP = NO;
				DEBUG_INFORMATION_FORMAT = dwarf;
				ENABLE_STRICT_OBJC_MSGSEND = YES;
				ENABLE_TESTABILITY = YES;
				GCC_C_LANGUAGE_STANDARD = gnu11;
				GCC_DYNAMIC_NO_PIC = NO;
				GCC_NO_COMMON_BLOCKS = YES;
				GCC_OPTIMIZATION_LEVEL = 0;
				GCC_PREPROCESSOR_DEFINITIONS = (
					"DEBUG=1",
					"$(inherited)",
				);
				GCC_WARN_64_TO_32_BIT_CONVERSION = YES;
				GCC_WARN_ABOUT_RETURN_TYPE = YES_ERROR;
				GCC_WARN_UNDECLARED_SELECTOR = YES;
				GCC_WARN_UNINITIALIZED_AUTOS = YES_AGGRESSIVE;
				GCC_WARN_UNUSED_FUNCTION = YES;
				GCC_WARN_UNUSED_VARIABLE = YES;
				IPHONEOS_DEPLOYMENT_TARGET = 15.5;
				MTL_ENABLE_DEBUG_INFO = INCLUDE_SOURCE;
				MTL_FAST_MATH = YES;
				ONLY_ACTIVE_ARCH = YES;
				SDKROOT = iphoneos;
				SWIFT_ACTIVE_COMPILATION_CONDITIONS = DEBUG;
				SWIFT_OPTIMIZATION_LEVEL = "-Onone";
			};
			name = Debug;
		};
		C10F8D00287F56EF002026FF /* Release */ = {
			isa = XCBuildConfiguration;
			buildSettings = {
				ALWAYS_SEARCH_USER_PATHS = NO;
				CLANG_ANALYZER_NONNULL = YES;
				CLANG_ANALYZER_NUMBER_OBJECT_CONVERSION = YES_AGGRESSIVE;
				CLANG_CXX_LANGUAGE_STANDARD = "gnu++17";
				CLANG_ENABLE_MODULES = YES;
				CLANG_ENABLE_OBJC_ARC = YES;
				CLANG_ENABLE_OBJC_WEAK = YES;
				CLANG_WARN_BLOCK_CAPTURE_AUTORELEASING = YES;
				CLANG_WARN_BOOL_CONVERSION = YES;
				CLANG_WARN_COMMA = YES;
				CLANG_WARN_CONSTANT_CONVERSION = YES;
				CLANG_WARN_DEPRECATED_OBJC_IMPLEMENTATIONS = YES;
				CLANG_WARN_DIRECT_OBJC_ISA_USAGE = YES_ERROR;
				CLANG_WARN_DOCUMENTATION_COMMENTS = YES;
				CLANG_WARN_EMPTY_BODY = YES;
				CLANG_WARN_ENUM_CONVERSION = YES;
				CLANG_WARN_INFINITE_RECURSION = YES;
				CLANG_WARN_INT_CONVERSION = YES;
				CLANG_WARN_NON_LITERAL_NULL_CONVERSION = YES;
				CLANG_WARN_OBJC_IMPLICIT_RETAIN_SELF = YES;
				CLANG_WARN_OBJC_LITERAL_CONVERSION = YES;
				CLANG_WARN_OBJC_ROOT_CLASS = YES_ERROR;
				CLANG_WARN_QUOTED_INCLUDE_IN_FRAMEWORK_HEADER = YES;
				CLANG_WARN_RANGE_LOOP_ANALYSIS = YES;
				CLANG_WARN_STRICT_PROTOTYPES = YES;
				CLANG_WARN_SUSPICIOUS_MOVE = YES;
				CLANG_WARN_UNGUARDED_AVAILABILITY = YES_AGGRESSIVE;
				CLANG_WARN_UNREACHABLE_CODE = YES;
				CLANG_WARN__DUPLICATE_METHOD_MATCH = YES;
				COPY_PHASE_STRIP = NO;
				DEBUG_INFORMATION_FORMAT = "dwarf-with-dsym";
				ENABLE_NS_ASSERTIONS = NO;
				ENABLE_STRICT_OBJC_MSGSEND = YES;
				GCC_C_LANGUAGE_STANDARD = gnu11;
				GCC_NO_COMMON_BLOCKS = YES;
				GCC_WARN_64_TO_32_BIT_CONVERSION = YES;
				GCC_WARN_ABOUT_RETURN_TYPE = YES_ERROR;
				GCC_WARN_UNDECLARED_SELECTOR = YES;
				GCC_WARN_UNINITIALIZED_AUTOS = YES_AGGRESSIVE;
				GCC_WARN_UNUSED_FUNCTION = YES;
				GCC_WARN_UNUSED_VARIABLE = YES;
				IPHONEOS_DEPLOYMENT_TARGET = 15.5;
				MTL_ENABLE_DEBUG_INFO = NO;
				MTL_FAST_MATH = YES;
				SDKROOT = iphoneos;
				SWIFT_COMPILATION_MODE = wholemodule;
				SWIFT_OPTIMIZATION_LEVEL = "-O";
				VALIDATE_PRODUCT = YES;
			};
			name = Release;
		};
		C10F8D02287F56EF002026FF /* Debug */ = {
			isa = XCBuildConfiguration;
			buildSettings = {
				ASSETCATALOG_COMPILER_APPICON_NAME = AppIcon;
				ASSETCATALOG_COMPILER_GLOBAL_ACCENT_COLOR_NAME = AccentColor;
				CODE_SIGN_STYLE = Automatic;
				CURRENT_PROJECT_VERSION = 1;
				DEVELOPMENT_ASSET_PATHS = "\"The Paper/Preview Content\"";
				ENABLE_PREVIEWS = YES;
				GENERATE_INFOPLIST_FILE = YES;
				INFOPLIST_KEY_UIApplicationSceneManifest_Generation = YES;
				INFOPLIST_KEY_UIApplicationSupportsIndirectInputEvents = YES;
				INFOPLIST_KEY_UILaunchScreen_Generation = YES;
				INFOPLIST_KEY_UISupportedInterfaceOrientations_iPad = "UIInterfaceOrientationPortrait UIInterfaceOrientationPortraitUpsideDown UIInterfaceOrientationLandscapeLeft UIInterfaceOrientationLandscapeRight";
				INFOPLIST_KEY_UISupportedInterfaceOrientations_iPhone = "UIInterfaceOrientationPortrait UIInterfaceOrientationLandscapeLeft UIInterfaceOrientationLandscapeRight";
				LD_RUNPATH_SEARCH_PATHS = (
					"$(inherited)",
					"@executable_path/Frameworks",
				);
				MARKETING_VERSION = 1.0;
				PRODUCT_BUNDLE_IDENTIFIER = "Colton-Bruni.The-Paper";
				PRODUCT_NAME = "$(TARGET_NAME)";
				SWIFT_EMIT_LOC_STRINGS = YES;
				SWIFT_VERSION = 5.0;
				TARGETED_DEVICE_FAMILY = "1,2";
			};
			name = Debug;
		};
		C10F8D03287F56EF002026FF /* Release */ = {
			isa = XCBuildConfiguration;
			buildSettings = {
				ASSETCATALOG_COMPILER_APPICON_NAME = AppIcon;
				ASSETCATALOG_COMPILER_GLOBAL_ACCENT_COLOR_NAME = AccentColor;
				CODE_SIGN_STYLE = Automatic;
				CURRENT_PROJECT_VERSION = 1;
				DEVELOPMENT_ASSET_PATHS = "\"The Paper/Preview Content\"";
				ENABLE_PREVIEWS = YES;
				GENERATE_INFOPLIST_FILE = YES;
				INFOPLIST_KEY_UIApplicationSceneManifest_Generation = YES;
				INFOPLIST_KEY_UIApplicationSupportsIndirectInputEvents = YES;
				INFOPLIST_KEY_UILaunchScreen_Generation = YES;
				INFOPLIST_KEY_UISupportedInterfaceOrientations_iPad = "UIInterfaceOrientationPortrait UIInterfaceOrientationPortraitUpsideDown UIInterfaceOrientationLandscapeLeft UIInterfaceOrientationLandscapeRight";
				INFOPLIST_KEY_UISupportedInterfaceOrientations_iPhone = "UIInterfaceOrientationPortrait UIInterfaceOrientationLandscapeLeft UIInterfaceOrientationLandscapeRight";
				LD_RUNPATH_SEARCH_PATHS = (
					"$(inherited)",
					"@executable_path/Frameworks",
				);
				MARKETING_VERSION = 1.0;
				PRODUCT_BUNDLE_IDENTIFIER = "Colton-Bruni.The-Paper";
				PRODUCT_NAME = "$(TARGET_NAME)";
				SWIFT_EMIT_LOC_STRINGS = YES;
				SWIFT_VERSION = 5.0;
				TARGETED_DEVICE_FAMILY = "1,2";
			};
			name = Release;
		};
		C10F8D05287F56EF002026FF /* Debug */ = {
			isa = XCBuildConfiguration;
			buildSettings = {
				ALWAYS_EMBED_SWIFT_STANDARD_LIBRARIES = YES;
				BUNDLE_LOADER = "$(TEST_HOST)";
				CODE_SIGN_STYLE = Automatic;
				CURRENT_PROJECT_VERSION = 1;
				GENERATE_INFOPLIST_FILE = YES;
				IPHONEOS_DEPLOYMENT_TARGET = 15.5;
				MARKETING_VERSION = 1.0;
				PRODUCT_BUNDLE_IDENTIFIER = "Colton-Bruni.The-PaperTests";
				PRODUCT_NAME = "$(TARGET_NAME)";
				SWIFT_EMIT_LOC_STRINGS = NO;
				SWIFT_VERSION = 5.0;
				TARGETED_DEVICE_FAMILY = "1,2";
				TEST_HOST = "$(BUILT_PRODUCTS_DIR)/The Paper.app/The Paper";
			};
			name = Debug;
		};
		C10F8D06287F56EF002026FF /* Release */ = {
			isa = XCBuildConfiguration;
			buildSettings = {
				ALWAYS_EMBED_SWIFT_STANDARD_LIBRARIES = YES;
				BUNDLE_LOADER = "$(TEST_HOST)";
				CODE_SIGN_STYLE = Automatic;
				CURRENT_PROJECT_VERSION = 1;
				GENERATE_INFOPLIST_FILE = YES;
				IPHONEOS_DEPLOYMENT_TARGET = 15.5;
				MARKETING_VERSION = 1.0;
				PRODUCT_BUNDLE_IDENTIFIER = "Colton-Bruni.The-PaperTests";
				PRODUCT_NAME = "$(TARGET_NAME)";
				SWIFT_EMIT_LOC_STRINGS = NO;
				SWIFT_VERSION = 5.0;
				TARGETED_DEVICE_FAMILY = "1,2";
				TEST_HOST = "$(BUILT_PRODUCTS_DIR)/The Paper.app/The Paper";
			};
			name = Release;
		};
		C10F8D08287F56EF002026FF /* Debug */ = {
			isa = XCBuildConfiguration;
			buildSettings = {
				ALWAYS_EMBED_SWIFT_STANDARD_LIBRARIES = YES;
				CODE_SIGN_STYLE = Automatic;
				CURRENT_PROJECT_VERSION = 1;
				GENERATE_INFOPLIST_FILE = YES;
				MARKETING_VERSION = 1.0;
				PRODUCT_BUNDLE_IDENTIFIER = "Colton-Bruni.The-PaperUITests";
				PRODUCT_NAME = "$(TARGET_NAME)";
				SWIFT_EMIT_LOC_STRINGS = NO;
				SWIFT_VERSION = 5.0;
				TARGETED_DEVICE_FAMILY = "1,2";
				TEST_TARGET_NAME = "The Paper";
			};
			name = Debug;
		};
		C10F8D09287F56EF002026FF /* Release */ = {
			isa = XCBuildConfiguration;
			buildSettings = {
				ALWAYS_EMBED_SWIFT_STANDARD_LIBRARIES = YES;
				CODE_SIGN_STYLE = Automatic;
				CURRENT_PROJECT_VERSION = 1;
				GENERATE_INFOPLIST_FILE = YES;
				MARKETING_VERSION = 1.0;
				PRODUCT_BUNDLE_IDENTIFIER = "Colton-Bruni.The-PaperUITests";
				PRODUCT_NAME = "$(TARGET_NAME)";
				SWIFT_EMIT_LOC_STRINGS = NO;
				SWIFT_VERSION = 5.0;
				TARGETED_DEVICE_FAMILY = "1,2";
				TEST_TARGET_NAME = "The Paper";
			};
			name = Release;
		};
/* End XCBuildConfiguration section */

/* Begin XCConfigurationList section */
		C10F8CD8287F56EC002026FF /* Build configuration list for PBXProject "The Paper" */ = {
			isa = XCConfigurationList;
			buildConfigurations = (
				C10F8CFF287F56EF002026FF /* Debug */,
				C10F8D00287F56EF002026FF /* Release */,
			);
			defaultConfigurationIsVisible = 0;
			defaultConfigurationName = Release;
		};
		C10F8D01287F56EF002026FF /* Build configuration list for PBXNativeTarget "The Paper" */ = {
			isa = XCConfigurationList;
			buildConfigurations = (
				C10F8D02287F56EF002026FF /* Debug */,
				C10F8D03287F56EF002026FF /* Release */,
			);
			defaultConfigurationIsVisible = 0;
			defaultConfigurationName = Release;
		};
		C10F8D04287F56EF002026FF /* Build configuration list for PBXNativeTarget "The PaperTests" */ = {
			isa = XCConfigurationList;
			buildConfigurations = (
				C10F8D05287F56EF002026FF /* Debug */,
				C10F8D06287F56EF002026FF /* Release */,
			);
			defaultConfigurationIsVisible = 0;
			defaultConfigurationName = Release;
		};
		C10F8D07287F56EF002026FF /* Build configuration list for PBXNativeTarget "The PaperUITests" */ = {
			isa = XCConfigurationList;
			buildConfigurations = (
				C10F8D08287F56EF002026FF /* Debug */,
				C10F8D09287F56EF002026FF /* Release */,
			);
			defaultConfigurationIsVisible = 0;
			defaultConfigurationName = Release;
		};
/* End XCConfigurationList section */
	};
	rootObject = C10F8CD5287F56EC002026FF /* Project object */;
}
